
Microsoft Visual Studio Solution File, Format Version 12.00
# Visual Studio 14
VisualStudioVersion = 14.0.25420.1
MinimumVisualStudioVersion = 10.0.40219.1
Project("{FAE04EC0-301F-11D3-BF4B-00C04F79EFBC}") = "SuperFastHTML5", "SuperFastHTML5\SuperFastHTML5.csproj", "{A90DEE98-4F42-4C16-9006-8C1855C3C02F}"
EndProject
Project("{FAE04EC0-301F-11D3-BF4B-00C04F79EFBC}") = "FastMVC", "FastMVC\FastMVC.csproj", "{9BA7B13C-7884-43E8-822B-209A293E5A12}"
EndProject
Project("{FAE04EC0-301F-11D3-BF4B-00C04F79EFBC}") = "StandardMVC", "StandardMVC\StandardMVC.csproj", "{7AFCEF4C-1CF1-4924-9F83-5DCD884B2862}"
EndProject
Global
	GlobalSection(SolutionConfigurationPlatforms) = preSolution
		Debug|Any CPU = Debug|Any CPU
		Release|Any CPU = Release|Any CPU
	EndGlobalSection
	GlobalSection(ProjectConfigurationPlatforms) = postSolution
		{A90DEE98-4F42-4C16-9006-8C1855C3C02F}.Debug|Any CPU.ActiveCfg = Debug|Any CPU
		{A90DEE98-4F42-4C16-9006-8C1855C3C02F}.Debug|Any CPU.Build.0 = Debug|Any CPU
		{A90DEE98-4F42-4C16-9006-8C1855C3C02F}.Release|Any CPU.ActiveCfg = Release|Any CPU
		{A90DEE98-4F42-4C16-9006-8C1855C3C02F}.Release|Any CPU.Build.0 = Release|Any CPU
		{9BA7B13C-7884-43E8-822B-209A293E5A12}.Debug|Any CPU.ActiveCfg = Debug|Any CPU
		{9BA7B13C-7884-43E8-822B-209A293E5A12}.Debug|Any CPU.Build.0 = Debug|Any CPU
		{9BA7B13C-7884-43E8-822B-209A293E5A12}.Release|Any CPU.ActiveCfg = Release|Any CPU
		{9BA7B13C-7884-43E8-822B-209A293E5A12}.Release|Any CPU.Build.0 = Release|Any CPU
		{7AFCEF4C-1CF1-4924-9F83-5DCD884B2862}.Debug|Any CPU.ActiveCfg = Debug|Any CPU
		{7AFCEF4C-1CF1-4924-9F83-5DCD884B2862}.Debug|Any CPU.Build.0 = Debug|Any CPU
		{7AFCEF4C-1CF1-4924-9F83-5DCD884B2862}.Release|Any CPU.ActiveCfg = Release|Any CPU
		{7AFCEF4C-1CF1-4924-9F83-5DCD884B2862}.Release|Any CPU.Build.0 = Release|Any CPU
	EndGlobalSection
	GlobalSection(SolutionProperties) = preSolution
		HideSolutionNode = FALSE
	EndGlobalSection
EndGlobal
